// !$*UTF8*$!
{
	archiveVersion = 1;
	classes = {
	};
	objectVersion = 50;
	objects = {

/* Begin PBXBuildFile section */
		CA470F4B26EB3DB400ECAA21 /* SearchBarViewApp.swift in Sources */ = {isa = PBXBuildFile; fileRef = CA470F4A26EB3DB400ECAA21 /* SearchBarViewApp.swift */; };
		CA470F4D26EB3DB400ECAA21 /* ContentView.swift in Sources */ = {isa = PBXBuildFile; fileRef = CA470F4C26EB3DB400ECAA21 /* ContentView.swift */; };
		CA470F4F26EB3DBB00ECAA21 /* Assets.xcassets in Resources */ = {isa = PBXBuildFile; fileRef = CA470F4E26EB3DBB00ECAA21 /* Assets.xcassets */; };
		CA470F5226EB3DBB00ECAA21 /* Preview Assets.xcassets in Resources */ = {isa = PBXBuildFile; fileRef = CA470F5126EB3DBB00ECAA21 /* Preview Assets.xcassets */; };
		CA470F5A26EB3DD300ECAA21 /* SearchBarView.swift in Sources */ = {isa = PBXBuildFile; fileRef = CA470F5926EB3DD300ECAA21 /* SearchBarView.swift */; };
/* End PBXBuildFile section */

/* Begin PBXFileReference section */
		CA470F4726EB3DB400ECAA21 /* SearchBarView.app */ = {isa = PBXFileReference; explicitFileType = wrapper.application; includeInIndex = 0; path = SearchBarView.app; sourceTree = BUILT_PRODUCTS_DIR; };
		CA470F4A26EB3DB400ECAA21 /* SearchBarViewApp.swift */ = {isa = PBXFileReference; lastKnownFileType = sourcecode.swift; path = SearchBarViewApp.swift; sourceTree = "<group>"; };
		CA470F4C26EB3DB400ECAA21 /* ContentView.swift */ = {isa = PBXFileReference; lastKnownFileType = sourcecode.swift; path = ContentView.swift; sourceTree = "<group>"; };
		CA470F4E26EB3DBB00ECAA21 /* Assets.xcassets */ = {isa = PBXFileReference; lastKnownFileType = folder.assetcatalog; path = Assets.xcassets; sourceTree = "<group>"; };
		CA470F5126EB3DBB00ECAA21 /* Preview Assets.xcassets */ = {isa = PBXFileReference; lastKnownFileType = folder.assetcatalog; path = "Preview Assets.xcassets"; sourceTree = "<group>"; };
		CA470F5326EB3DBB00ECAA21 /* Info.plist */ = {isa = PBXFileReference; lastKnownFileType = text.plist.xml; path = Info.plist; sourceTree = "<group>"; };
		CA470F5926EB3DD300ECAA21 /* SearchBarView.swift */ = {isa = PBXFileReference; lastKnownFileType = sourcecode.swift; path = SearchBarView.swift; sourceTree = "<group>"; };
/* End PBXFileReference section */

/* Begin PBXFrameworksBuildPhase section */
		CA470F4426EB3DB400ECAA21 /* Frameworks */ = {
			isa = PBXFrameworksBuildPhase;
			buildActionMask = 2147483647;
			files = (
			);
			runOnlyForDeploymentPostprocessing = 0;
		};
/* End PBXFrameworksBuildPhase section */

/* Begin PBXGroup section */
		CA470F3E26EB3DB400ECAA21 = {
			isa = PBXGroup;
			children = (
				CA470F4926EB3DB400ECAA21 /* SearchBarView */,
				CA470F4826EB3DB400ECAA21 /* Products */,
			);
			sourceTree = "<group>";
		};
		CA470F4826EB3DB400ECAA21 /* Products */ = {
			isa = PBXGroup;
			children = (
				CA470F4726EB3DB400ECAA21 /* SearchBarView.app */,
			);
			name = Products;
			sourceTree = "<group>";
		};
		CA470F4926EB3DB400ECAA21 /* SearchBarView */ = {
			isa = PBXGroup;
			children = (
				CA470F4A26EB3DB400ECAA21 /* SearchBarViewApp.swift */,
				CA470F4C26EB3DB400ECAA21 /* ContentView.swift */,
				CA470F4E26EB3DBB00ECAA21 /* Assets.xcassets */,
				CA470F5326EB3DBB00ECAA21 /* Info.plist */,
				CA470F5026EB3DBB00ECAA21 /* Preview Content */,
				CA470F5926EB3DD300ECAA21 /* SearchBarView.swift */,
			);
			path = SearchBarView;
			sourceTree = "<group>";
		};
		CA470F5026EB3DBB00ECAA21 /* Preview Content */ = {
			isa = PBXGroup;
			children = (
				CA470F5126EB3DBB00ECAA21 /* Preview Assets.xcassets */,
			);
			path = "Preview Content";
			sourceTree = "<group>";
		};
/* End PBXGroup section */

/* Begin PBXNativeTarget section */
		CA470F4626EB3DB400ECAA21 /* SearchBarView */ = {
			isa = PBXNativeTarget;
			buildConfigurationList = CA470F5626EB3DBB00ECAA21 /* Build configuration list for PBXNativeTarget "SearchBarView" */;
			buildPhases = (
				CA470F4326EB3DB400ECAA21 /* Sources */,
				CA470F4426EB3DB400ECAA21 /* Frameworks */,
				CA470F4526EB3DB400ECAA21 /* Resources */,
			);
			buildRules = (
			);
			dependencies = (
			);
			name = SearchBarView;
			productName = SearchBarView;
			productReference = CA470F4726EB3DB400ECAA21 /* SearchBarView.app */;
			productType = "com.apple.product-type.application";
		};
/* End PBXNativeTarget section */

/* Begin PBXProject section */
		CA470F3F26EB3DB400ECAA21 /* Project object */ = {
			isa = PBXProject;
			attributes = {
				LastSwiftUpdateCheck = 1250;
				LastUpgradeCheck = 1250;
				TargetAttributes = {
					CA470F4626EB3DB400ECAA21 = {
						CreatedOnToolsVersion = 12.5.1;
					};
				};
			};
			buildConfigurationList = CA470F4226EB3DB400ECAA21 /* Build configuration list for PBXProject "SearchBarView" */;
			compatibilityVersion = "Xcode 9.3";
			developmentRegion = en;
			hasScannedForEncodings = 0;
			knownRegions = (
				en,
				Base,
			);
			mainGroup = CA470F3E26EB3DB400ECAA21;
			productRefGroup = CA470F4826EB3DB400ECAA21 /* Products */;
			projectDirPath = "";
			projectRoot = "";
			targets = (
				CA470F4626EB3DB400ECAA21 /* SearchBarView */,
			);
		};
/* End PBXProject section */

/* Begin PBXResourcesBuildPhase section */
		CA470F4526EB3DB400ECAA21 /* Resources */ = {
			isa = PBXResourcesBuildPhase;
			buildActionMask = 2147483647;
			files = (
				CA470F5226EB3DBB00ECAA21 /* Preview Assets.xcassets in Resources */,
				CA470F4F26EB3DBB00ECAA21 /* Assets.xcassets in Resources */,
			);
			runOnlyForDeploymentPostprocessing = 0;
		};
/* End PBXResourcesBuildPhase section */

/* Begin PBXSourcesBuildPhase section */
		CA470F4326EB3DB400ECAA21 /* Sources */ = {
			isa = PBXSourcesBuildPhase;
			buildActionMask = 2147483647;
			files = (
				CA470F4D26EB3DB400ECAA21 /* ContentView.swift in Sources */,
				CA470F5A26EB3DD300ECAA21 /* SearchBarView.swift in Sources */,
				CA470F4B26EB3DB400ECAA21 /* SearchBarViewApp.swift in Sources */,
			);
			runOnlyForDeploymentPostprocessing = 0;
		};
/* End PBXSourcesBuildPhase section */

/* Begin XCBuildConfiguration section */
		CA470F5426EB3DBB00ECAA21 /* Debug */ = {
			isa = XCBuildConfiguration;
			buildSettings = {
				ALWAYS_SEARCH_USER_PATHS = NO;
				CLANG_ANALYZER_NONNULL = YES;
				CLANG_ANALYZER_NUMBER_OBJECT_CONVERSION = YES_AGGRESSIVE;
				CLANG_CXX_LANGUAGE_STANDARD = "gnu++14";
				CLANG_CXX_LIBRARY = "libc++";
				CLANG_ENABLE_MODULES = YES;
				CLANG_ENABLE_OBJC_ARC = YES;
				CLANG_ENABLE_OBJC_WEAK = YES;
				CLANG_WARN_BLOCK_CAPTURE_AUTORELEASING = YES;
				CLANG_WARN_BOOL_CONVERSION = YES;
				CLANG_WARN_COMMA = YES;
				CLANG_WARN_CONSTANT_CONVERSION = YES;
				CLANG_WARN_DEPRECATED_OBJC_IMPLEMENTATIONS = YES;
				CLANG_WARN_DIRECT_OBJC_ISA_USAGE = YES_ERROR;
				CLANG_WARN_DOCUMENTATION_COMMENTS = YES;
				CLANG_WARN_EMPTY_BODY = YES;
				CLANG_WARN_ENUM_CONVERSION = YES;
				CLANG_WARN_INFINITE_RECURSION = YES;
				CLANG_WARN_INT_CONVERSION = YES;
				CLANG_WARN_NON_LITERAL_NULL_CONVERSION = YES;
				CLANG_WARN_OBJC_IMPLICIT_RETAIN_SELF = YES;
				CLANG_WARN_OBJC_LITERAL_CONVERSION = YES;
				CLANG_WARN_OBJC_ROOT_CLASS = YES_ERROR;
				CLANG_WARN_QUOTED_INCLUDE_IN_FRAMEWORK_HEADER = YES;
				CLANG_WARN_RANGE_LOOP_ANALYSIS = YES;
				CLANG_WARN_STRICT_PROTOTYPES = YES;
				CLANG_WARN_SUSPICIOUS_MOVE = YES;
				CLANG_WARN_UNGUARDED_AVAILABILITY = YES_AGGRESSIVE;
				CLANG_WARN_UNREACHABLE_CODE = YES;
				CLANG_WARN__DUPLICATE_METHOD_MATCH = YES;
				COPY_PHASE_STRIP = NO;
				DEBUG_INFORMATION_FORMAT = dwarf;
				ENABLE_STRICT_OBJC_MSGSEND = YES;
				ENABLE_TESTABILITY = YES;
				GCC_C_LANGUAGE_STANDARD = gnu11;
				GCC_DYNAMIC_NO_PIC = NO;
				GCC_NO_COMMON_BLOCKS = YES;
				GCC_OPTIMIZATION_LEVEL = 0;
				GCC_PREPROCESSOR_DEFINITIONS = (
					"DEBUG=1",
					"$(inherited)",
				);
				GCC_WARN_64_TO_32_BIT_CONVERSION = YES;
				GCC_WARN_ABOUT_RETURN_TYPE = YES_ERROR;
				GCC_WARN_UNDECLARED_SELECTOR = YES;
				GCC_WARN_UNINITIALIZED_AUTOS = YES_AGGRESSIVE;
				GCC_WARN_UNUSED_FUNCTION = YES;
				GCC_WARN_UNUSED_VARIABLE = YES;
				IPHONEOS_DEPLOYMENT_TARGET = 14.5;
				MTL_ENABLE_DEBUG_INFO = INCLUDE_SOURCE;
				MTL_FAST_MATH = YES;
				ONLY_ACTIVE_ARCH = YES;
				SDKROOT = iphoneos;
				SWIFT_ACTIVE_COMPILATION_CONDITIONS = DEBUG;
				SWIFT_OPTIMIZATION_LEVEL = "-Onone";
			};
			name = Debug;
		};
		CA470F5526EB3DBB00ECAA21 /* Release */ = {
			isa = XCBuildConfiguration;
			buildSettings = {
				ALWAYS_SEARCH_USER_PATHS = NO;
				CLANG_ANALYZER_NONNULL = YES;
				CLANG_ANALYZER_NUMBER_OBJECT_CONVERSION = YES_AGGRESSIVE;
				CLANG_CXX_LANGUAGE_STANDARD = "gnu++14";
				CLANG_CXX_LIBRARY = "libc++";
				CLANG_ENABLE_MODULES = YES;
				CLANG_ENABLE_OBJC_ARC = YES;
				CLANG_ENABLE_OBJC_WEAK = YES;
				CLANG_WARN_BLOCK_CAPTURE_AUTORELEASING = YES;
				CLANG_WARN_BOOL_CONVERSION = YES;
				CLANG_WARN_COMMA = YES;
				CLANG_WARN_CONSTANT_CONVERSION = YES;
				CLANG_WARN_DEPRECATED_OBJC_IMPLEMENTATIONS = YES;
				CLANG_WARN_DIRECT_OBJC_ISA_USAGE = YES_ERROR;
				CLANG_WARN_DOCUMENTATION_COMMENTS = YES;
				CLANG_WARN_EMPTY_BODY = YES;
				CLANG_WARN_ENUM_CONVERSION = YES;
				CLANG_WARN_INFINITE_RECURSION = YES;
				CLANG_WARN_INT_CONVERSION = YES;
				CLANG_WARN_NON_LITERAL_NULL_CONVERSION = YES;
				CLANG_WARN_OBJC_IMPLICIT_RETAIN_SELF = YES;
				CLANG_WARN_OBJC_LITERAL_CONVERSION = YES;
				CLANG_WARN_OBJC_ROOT_CLASS = YES_ERROR;
				CLANG_WARN_QUOTED_INCLUDE_IN_FRAMEWORK_HEADER = YES;
				CLANG_WARN_RANGE_LOOP_ANALYSIS = YES;
				CLANG_WARN_STRICT_PROTOTYPES = YES;
				CLANG_WARN_SUSPICIOUS_MOVE = YES;
				CLANG_WARN_UNGUARDED_AVAILABILITY = YES_AGGRESSIVE;
				CLANG_WARN_UNREACHABLE_CODE = YES;
				CLANG_WARN__DUPLICATE_METHOD_MATCH = YES;
				COPY_PHASE_STRIP = NO;
				DEBUG_INFORMATION_FORMAT = "dwarf-with-dsym";
				ENABLE_NS_ASSERTIONS = NO;
				ENABLE_STRICT_OBJC_MSGSEND = YES;
				GCC_C_LANGUAGE_STANDARD = gnu11;
				GCC_NO_COMMON_BLOCKS = YES;
				GCC_WARN_64_TO_32_BIT_CONVERSION = YES;
				GCC_WARN_ABOUT_RETURN_TYPE = YES_ERROR;
				GCC_WARN_UNDECLARED_SELECTOR = YES;
				GCC_WARN_UNINITIALIZED_AUTOS = YES_AGGRESSIVE;
				GCC_WARN_UNUSED_FUNCTION = YES;
				GCC_WARN_UNUSED_VARIABLE = YES;
				IPHONEOS_DEPLOYMENT_TARGET = 14.5;
				MTL_ENABLE_DEBUG_INFO = NO;
				MTL_FAST_MATH = YES;
				SDKROOT = iphoneos;
				SWIFT_COMPILATION_MODE = wholemodule;
				SWIFT_OPTIMIZATION_LEVEL = "-O";
				VALIDATE_PRODUCT = YES;
			};
			name = Release;
		};
		CA470F5726EB3DBB00ECAA21 /* Debug */ = {
			isa = XCBuildConfiguration;
			buildSettings = {
				ASSETCATALOG_COMPILER_APPICON_NAME = AppIcon;
				ASSETCATALOG_COMPILER_GLOBAL_ACCENT_COLOR_NAME = AccentColor;
				CODE_SIGN_STYLE = Automatic;
				DEVELOPMENT_ASSET_PATHS = "\"SearchBarView/Preview Content\"";
				DEVELOPMENT_TEAM = 48R5R4VQ57;
				ENABLE_PREVIEWS = YES;
				INFOPLIST_FILE = SearchBarView/Info.plist;
				IPHONEOS_DEPLOYMENT_TARGET = 14.0;
				LD_RUNPATH_SEARCH_PATHS = (
					"$(inherited)",
					"@executable_path/Frameworks",
				);
				PRODUCT_BUNDLE_IDENTIFIER = com.erdemsenol.SearchBarView;
				PRODUCT_NAME = "$(TARGET_NAME)";
				SWIFT_VERSION = 5.0;
				TARGETED_DEVICE_FAMILY = "1,2";
			};
			name = Debug;
		};
		CA470F5826EB3DBB00ECAA21 /* Release */ = {
			isa = XCBuildConfiguration;
			buildSettings = {
				ASSETCATALOG_COMPILER_APPICON_NAME = AppIcon;
				ASSETCATALOG_COMPILER_GLOBAL_ACCENT_COLOR_NAME = AccentColor;
				CODE_SIGN_STYLE = Automatic;
				DEVELOPMENT_ASSET_PATHS = "\"SearchBarView/Preview Content\"";
				DEVELOPMENT_TEAM = 48R5R4VQ57;
				ENABLE_PREVIEWS = YES;
				INFOPLIST_FILE = SearchBarView/Info.plist;
				IPHONEOS_DEPLOYMENT_TARGET = 14.0;
				LD_RUNPATH_SEARCH_PATHS = (
					"$(inherited)",
					"@executable_path/Frameworks",
				);
				PRODUCT_BUNDLE_IDENTIFIER = com.erdemsenol.SearchBarView;
				PRODUCT_NAME = "$(TARGET_NAME)";
				SWIFT_VERSION = 5.0;
				TARGETED_DEVICE_FAMILY = "1,2";
			};
			name = Release;
		};
/* End XCBuildConfiguration section */

/* Begin XCConfigurationList section */
		CA470F4226EB3DB400ECAA21 /* Build configuration list for PBXProject "SearchBarView" */ = {
			isa = XCConfigurationList;
			buildConfigurations = (
				CA470F5426EB3DBB00ECAA21 /* Debug */,
				CA470F5526EB3DBB00ECAA21 /* Release */,
			);
			defaultConfigurationIsVisible = 0;
			defaultConfigurationName = Release;
		};
		CA470F5626EB3DBB00ECAA21 /* Build configuration list for PBXNativeTarget "SearchBarView" */ = {
			isa = XCConfigurationList;
			buildConfigurations = (
				CA470F5726EB3DBB00ECAA21 /* Debug */,
				CA470F5826EB3DBB00ECAA21 /* Release */,
			);
			defaultConfigurationIsVisible = 0;
			defaultConfigurationName = Release;
		};
/* End XCConfigurationList section */
	};
	rootObject = CA470F3F26EB3DB400ECAA21 /* Project object */;
}
